
Microsoft Visual Studio Solution File, Format Version 12.00
# Visual Studio Version 17
VisualStudioVersion = 17.7.34031.279
MinimumVisualStudioVersion = 10.0.40219.1
Project("{FAE04EC0-301F-11D3-BF4B-00C04F79EFBC}") = "KnihiovnaTesty", "KnihiovnaTesty\KnihiovnaTesty.csproj", "{74F15D8C-84D0-492A-986F-7BDC70E6C0E7}"
EndProject
Project("{FAE04EC0-301F-11D3-BF4B-00C04F79EFBC}") = "TestKnihovny", "TestKnihovny\TestKnihovny.csproj", "{54F4A31D-3E12-4CFE-8FB7-B82A3083AA87}"
EndProject
Global
	GlobalSection(SolutionConfigurationPlatforms) = preSolution
		Debug|Any CPU = Debug|Any CPU
		Release|Any CPU = Release|Any CPU
	EndGlobalSection
	GlobalSection(ProjectConfigurationPlatforms) = postSolution
		{74F15D8C-84D0-492A-986F-7BDC70E6C0E7}.Debug|Any CPU.ActiveCfg = Debug|Any CPU
		{74F15D8C-84D0-492A-986F-7BDC70E6C0E7}.Debug|Any CPU.Build.0 = Debug|Any CPU
		{74F15D8C-84D0-492A-986F-7BDC70E6C0E7}.Release|Any CPU.ActiveCfg = Release|Any CPU
		{74F15D8C-84D0-492A-986F-7BDC70E6C0E7}.Release|Any CPU.Build.0 = Release|Any CPU
		{54F4A31D-3E12-4CFE-8FB7-B82A3083AA87}.Debug|Any CPU.ActiveCfg = Debug|Any CPU
		{54F4A31D-3E12-4CFE-8FB7-B82A3083AA87}.Debug|Any CPU.Build.0 = Debug|Any CPU
		{54F4A31D-3E12-4CFE-8FB7-B82A3083AA87}.Release|Any CPU.ActiveCfg = Release|Any CPU
		{54F4A31D-3E12-4CFE-8FB7-B82A3083AA87}.Release|Any CPU.Build.0 = Release|Any CPU
	EndGlobalSection
	GlobalSection(SolutionProperties) = preSolution
		HideSolutionNode = FALSE
	EndGlobalSection
	GlobalSection(ExtensibilityGlobals) = postSolution
		SolutionGuid = {CC9A0F4E-CEBE-41E5-8329-2DD0274FD66E}
	EndGlobalSection
EndGlobal
